
Microsoft Visual Studio Solution File, Format Version 12.00
# Visual Studio 2012
Project("{8BC9CEB8-8B4A-11D0-8D11-00A0C91BC942}") = "methods", "methods\methods.vcxproj", "{47337021-0C36-4B76-8416-7F72D04FF9CA}"
EndProject
Global
	GlobalSection(SolutionConfigurationPlatforms) = preSolution
		Debug|Win32 = Debug|Win32
		Release|Win32 = Release|Win32
	EndGlobalSection
	GlobalSection(ProjectConfigurationPlatforms) = postSolution
		{47337021-0C36-4B76-8416-7F72D04FF9CA}.Debug|Win32.ActiveCfg = Debug|Win32
		{47337021-0C36-4B76-8416-7F72D04FF9CA}.Debug|Win32.Build.0 = Debug|Win32
		{47337021-0C36-4B76-8416-7F72D04FF9CA}.Release|Win32.ActiveCfg = Release|Win32
		{47337021-0C36-4B76-8416-7F72D04FF9CA}.Release|Win32.Build.0 = Release|Win32
	EndGlobalSection
	GlobalSection(SolutionProperties) = preSolution
		HideSolutionNode = FALSE
	EndGlobalSection
EndGlobal
